
Microsoft Visual Studio Solution File, Format Version 12.00
# Visual Studio Version 17
VisualStudioVersion = 17.1.32210.238
MinimumVisualStudioVersion = 10.0.40219.1
Project("{FAE04EC0-301F-11D3-BF4B-00C04F79EFBC}") = "UC-3-address", "UC-3-address\UC-3-address.csproj", "{4CF80B2D-4472-4BBE-8ECE-9DB585AEEF5F}"
EndProject
Global
	GlobalSection(SolutionConfigurationPlatforms) = preSolution
		Debug|Any CPU = Debug|Any CPU
		Release|Any CPU = Release|Any CPU
	EndGlobalSection
	GlobalSection(ProjectConfigurationPlatforms) = postSolution
		{4CF80B2D-4472-4BBE-8ECE-9DB585AEEF5F}.Debug|Any CPU.ActiveCfg = Debug|Any CPU
		{4CF80B2D-4472-4BBE-8ECE-9DB585AEEF5F}.Debug|Any CPU.Build.0 = Debug|Any CPU
		{4CF80B2D-4472-4BBE-8ECE-9DB585AEEF5F}.Release|Any CPU.ActiveCfg = Release|Any CPU
		{4CF80B2D-4472-4BBE-8ECE-9DB585AEEF5F}.Release|Any CPU.Build.0 = Release|Any CPU
	EndGlobalSection
	GlobalSection(SolutionProperties) = preSolution
		HideSolutionNode = FALSE
	EndGlobalSection
	GlobalSection(ExtensibilityGlobals) = postSolution
		SolutionGuid = {EDDA41E6-C894-412D-9A11-1F6970702724}
	EndGlobalSection
EndGlobal
