
Microsoft Visual Studio Solution File, Format Version 12.00
# Visual Studio Version 17
VisualStudioVersion = 17.1.32210.238
MinimumVisualStudioVersion = 10.0.40219.1
Project("{FAE04EC0-301F-11D3-BF4B-00C04F79EFBC}") = "UC-4-address", "UC-4-address\UC-4-address.csproj", "{587A322C-E82F-49CA-8E4D-6AFB67F67D3A}"
EndProject
Global
	GlobalSection(SolutionConfigurationPlatforms) = preSolution
		Debug|Any CPU = Debug|Any CPU
		Release|Any CPU = Release|Any CPU
	EndGlobalSection
	GlobalSection(ProjectConfigurationPlatforms) = postSolution
		{587A322C-E82F-49CA-8E4D-6AFB67F67D3A}.Debug|Any CPU.ActiveCfg = Debug|Any CPU
		{587A322C-E82F-49CA-8E4D-6AFB67F67D3A}.Debug|Any CPU.Build.0 = Debug|Any CPU
		{587A322C-E82F-49CA-8E4D-6AFB67F67D3A}.Release|Any CPU.ActiveCfg = Release|Any CPU
		{587A322C-E82F-49CA-8E4D-6AFB67F67D3A}.Release|Any CPU.Build.0 = Release|Any CPU
	EndGlobalSection
	GlobalSection(SolutionProperties) = preSolution
		HideSolutionNode = FALSE
	EndGlobalSection
	GlobalSection(ExtensibilityGlobals) = postSolution
		SolutionGuid = {45D99454-4AC1-4F90-8A58-F074E21DBCFD}
	EndGlobalSection
EndGlobal
